
Microsoft Visual Studio Solution File, Format Version 12.00
# Visual Studio 14
VisualStudioVersion = 14.0.23107.0
MinimumVisualStudioVersion = 10.0.40219.1
Project("{FAE04EC0-301F-11D3-BF4B-00C04F79EFBC}") = "XSOM", "XSOM\XSOM.csproj", "{B4B22C65-B927-485A-B048-68F740976ACD}"
EndProject
Project("{FAE04EC0-301F-11D3-BF4B-00C04F79EFBC}") = "XSOM WinForms Sample", "XSOM WinForms Sample\XSOM WinForms Sample.csproj", "{4E7786AC-7E3B-465F-9559-B0CD431ECCA1}"
EndProject
Global
	GlobalSection(SolutionConfigurationPlatforms) = preSolution
		Debug|Any CPU = Debug|Any CPU
		Release|Any CPU = Release|Any CPU
	EndGlobalSection
	GlobalSection(ProjectConfigurationPlatforms) = postSolution
		{B4B22C65-B927-485A-B048-68F740976ACD}.Debug|Any CPU.ActiveCfg = Debug|Any CPU
		{B4B22C65-B927-485A-B048-68F740976ACD}.Debug|Any CPU.Build.0 = Debug|Any CPU
		{B4B22C65-B927-485A-B048-68F740976ACD}.Release|Any CPU.ActiveCfg = Release|Any CPU
		{B4B22C65-B927-485A-B048-68F740976ACD}.Release|Any CPU.Build.0 = Release|Any CPU
		{4E7786AC-7E3B-465F-9559-B0CD431ECCA1}.Debug|Any CPU.ActiveCfg = Debug|Any CPU
		{4E7786AC-7E3B-465F-9559-B0CD431ECCA1}.Debug|Any CPU.Build.0 = Debug|Any CPU
		{4E7786AC-7E3B-465F-9559-B0CD431ECCA1}.Release|Any CPU.ActiveCfg = Release|Any CPU
		{4E7786AC-7E3B-465F-9559-B0CD431ECCA1}.Release|Any CPU.Build.0 = Release|Any CPU
	EndGlobalSection
	GlobalSection(SolutionProperties) = preSolution
		HideSolutionNode = FALSE
	EndGlobalSection
EndGlobal
